
Microsoft Visual Studio Solution File, Format Version 12.00
# Visual Studio 15
VisualStudioVersion = 15.0.28010.2048
MinimumVisualStudioVersion = 10.0.40219.1
Project("{2150E333-8FDC-42A3-9474-1A3956D46DE8}") = "5 - Importacao", "5 - Importacao", "{C53D5BDA-EA59-4DD8-A245-F3394C1E3CE1}"
EndProject
Project("{2150E333-8FDC-42A3-9474-1A3956D46DE8}") = "2 - Exportacao", "2 - Exportacao", "{7C280F4C-5F2F-41F3-9734-E61FD61B6A7C}"
EndProject
Project("{2150E333-8FDC-42A3-9474-1A3956D46DE8}") = "1 - Administrativo", "1 - Administrativo", "{B99C26F9-2E53-4CC9-BDAB-CF8CDAB57A81}"
EndProject
Project("{2150E333-8FDC-42A3-9474-1A3956D46DE8}") = "3 - Faturamento", "3 - Faturamento", "{25E72E16-C367-402C-AC26-F1AA6F07598C}"
EndProject
Project("{2150E333-8FDC-42A3-9474-1A3956D46DE8}") = "4 - Financeiro", "4 - Financeiro", "{1AEB174E-1C1F-4742-928C-A7DF1CD3A391}"
EndProject
Project("{2150E333-8FDC-42A3-9474-1A3956D46DE8}") = "0 - Main", "0 - Main", "{19B14075-89D7-4F7C-89CA-0849A1855D21}"
EndProject
Project("{2150E333-8FDC-42A3-9474-1A3956D46DE8}") = "2 - API", "2 - API", "{8631790D-03DE-4A91-82E1-8EBAC4A52BA7}"
EndProject
Project("{2150E333-8FDC-42A3-9474-1A3956D46DE8}") = "0 - Domain", "0 - Domain", "{ED7B474A-83E4-40AB-B3F7-78B6CDD125F1}"
EndProject
Project("{2150E333-8FDC-42A3-9474-1A3956D46DE8}") = "1 - Data", "1 - Data", "{4EADF80E-0C05-43E7-A589-1FF573314378}"
EndProject
Project("{2150E333-8FDC-42A3-9474-1A3956D46DE8}") = "0 - Domain", "0 - Domain", "{38D55917-66C2-4B74-B1F4-91D38F7359E5}"
EndProject
Project("{2150E333-8FDC-42A3-9474-1A3956D46DE8}") = "1 - Data", "1 - Data", "{3E498459-B4AE-4AD5-87C8-2E18EE6E6072}"
EndProject
Project("{2150E333-8FDC-42A3-9474-1A3956D46DE8}") = "2 - API", "2 - API", "{9DAD185D-952E-4F2F-B4D7-32EDC14E2104}"
EndProject
Project("{2150E333-8FDC-42A3-9474-1A3956D46DE8}") = "0 - Domain", "0 - Domain", "{3001E13B-04BE-436A-A775-DC59743FC27B}"
EndProject
Project("{2150E333-8FDC-42A3-9474-1A3956D46DE8}") = "1 - Data", "1 - Data", "{26A51721-D08A-4D79-911B-2B344693CC6B}"
EndProject
Project("{2150E333-8FDC-42A3-9474-1A3956D46DE8}") = "2 - API", "2 - API", "{A4D86119-6FB1-4058-86A7-1AB9B34594AD}"
EndProject
Project("{2150E333-8FDC-42A3-9474-1A3956D46DE8}") = "0 - Domain", "0 - Domain", "{639B1008-1BF9-40E8-90EC-4CC89D82B337}"
EndProject
Project("{2150E333-8FDC-42A3-9474-1A3956D46DE8}") = "1 - Data", "1 - Data", "{A4EBE321-DE67-4C27-98AF-FF5CC6A52E30}"
EndProject
Project("{2150E333-8FDC-42A3-9474-1A3956D46DE8}") = "2 - API", "2 - API", "{8A6475D7-93E1-41B0-B3E4-99C8A6F97275}"
EndProject
Project("{2150E333-8FDC-42A3-9474-1A3956D46DE8}") = "0 - Domain", "0 - Domain", "{1F7E1556-F127-4B70-9630-B1981734FED8}"
EndProject
Project("{2150E333-8FDC-42A3-9474-1A3956D46DE8}") = "1 - Data", "1 - Data", "{DE3AF31D-D2A9-4C5B-904D-3756A58E9591}"
EndProject
Project("{2150E333-8FDC-42A3-9474-1A3956D46DE8}") = "2 - API", "2 - API", "{4F70D8F0-1D89-461F-8D71-17146E79B3FC}"
EndProject
Project("{FAE04EC0-301F-11D3-BF4B-00C04F79EFBC}") = "P2E.Administrativo.Domain", "P2E.Administrativo.Domain\P2E.Administrativo.Domain.csproj", "{15DDED6F-9060-455C-8DE7-B79CF98403AF}"
EndProject
Project("{FAE04EC0-301F-11D3-BF4B-00C04F79EFBC}") = "P2E.Administrativo.Data", "P2E.Administrativo.Data\P2E.Administrativo.Data.csproj", "{7442E5A4-AE10-4355-97A9-A3B61020A717}"
EndProject
Project("{FAE04EC0-301F-11D3-BF4B-00C04F79EFBC}") = "P2E.Administrativo.API", "P2E.Administrativo.API\P2E.Administrativo.API.csproj", "{18F03278-35C1-4840-827A-1E407B2F4ABB}"
EndProject
Project("{FAE04EC0-301F-11D3-BF4B-00C04F79EFBC}") = "P2E.Exportacao.Domain", "P2E.Exportacao.Domain\P2E.Exportacao.Domain.csproj", "{48370845-51E7-4013-8F1A-313BF30BFECE}"
EndProject
Project("{FAE04EC0-301F-11D3-BF4B-00C04F79EFBC}") = "P2E.Exportacao.Data", "P2E.Exportacao.Data\P2E.Exportacao.Data.csproj", "{0A9F236D-4189-4059-8F7D-F3607081C8CB}"
EndProject
Project("{FAE04EC0-301F-11D3-BF4B-00C04F79EFBC}") = "P2E.Exportacao.API", "P2E.Exportacao.API\P2E.Exportacao.API.csproj", "{E88C6F9A-AEC1-4219-BF30-831D32826A6A}"
EndProject
Project("{FAE04EC0-301F-11D3-BF4B-00C04F79EFBC}") = "P2E.Faturamento.Domain", "P2E.Faturamento.Domain\P2E.Faturamento.Domain.csproj", "{DCE56243-2BA3-49E4-8747-76D373D01A28}"
EndProject
Project("{FAE04EC0-301F-11D3-BF4B-00C04F79EFBC}") = "P2E.Faturamento.Data", "P2E.Faturamento.Data\P2E.Faturamento.Data.csproj", "{8BEEEA75-8428-47F9-B139-7368C4E3CDF5}"
EndProject
Project("{FAE04EC0-301F-11D3-BF4B-00C04F79EFBC}") = "P2E.Faturamento.API", "P2E.Faturamento.API\P2E.Faturamento.API.csproj", "{E973CEC6-33D7-4CB2-9B14-D8296F5EEC25}"
EndProject
Project("{FAE04EC0-301F-11D3-BF4B-00C04F79EFBC}") = "P2E.Importacao.Domain", "P2E.Importacao.Domain\P2E.Importacao.Domain.csproj", "{FD9D7F26-6630-4BAD-8FB9-B277EB359838}"
EndProject
Project("{FAE04EC0-301F-11D3-BF4B-00C04F79EFBC}") = "P2E.Importacao.Data", "P2E.Importacao.Data\P2E.Importacao.Data.csproj", "{CB4EC9C0-D390-4F52-81A1-B785554DD30A}"
EndProject
Project("{FAE04EC0-301F-11D3-BF4B-00C04F79EFBC}") = "P2E.Importacao.API", "P2E.Importacao.API\P2E.Importacao.API.csproj", "{4F069A7B-4DB6-4CBC-BDE8-8F88E468481D}"
EndProject
Project("{FAE04EC0-301F-11D3-BF4B-00C04F79EFBC}") = "P2E.Financeiro.Domain", "P2E.Financeiro.Domain\P2E.Financeiro.Domain.csproj", "{0B311EE6-89C9-448E-8E45-FD0FE4BF8015}"
EndProject
Project("{FAE04EC0-301F-11D3-BF4B-00C04F79EFBC}") = "P2E.Financeiro.Data", "P2E.Financeiro.Data\P2E.Financeiro.Data.csproj", "{E4BF3248-7A3B-4C64-B552-8A3A360A7954}"
EndProject
Project("{FAE04EC0-301F-11D3-BF4B-00C04F79EFBC}") = "P2E.Financeiro.API", "P2E.Financeiro.API\P2E.Financeiro.API.csproj", "{56CE14FD-0F52-4736-BA93-F8DFE48FA9EB}"
EndProject
Project("{2150E333-8FDC-42A3-9474-1A3956D46DE8}") = "0 - Domain", "0 - Domain", "{DB6E86F9-F56E-4FC0-A460-97834115ADB4}"
EndProject
Project("{2150E333-8FDC-42A3-9474-1A3956D46DE8}") = "1 - Data", "1 - Data", "{C9454523-22B2-4105-8E66-D234209537CE}"
EndProject
Project("{2150E333-8FDC-42A3-9474-1A3956D46DE8}") = "2 - API", "2 - API", "{C3938F2C-FFBE-4A31-BCF7-A8E2B40F97D7}"
EndProject
Project("{2150E333-8FDC-42A3-9474-1A3956D46DE8}") = "3 - UI", "3 - UI", "{6EDED07B-C64C-47A4-8835-05732039B2A1}"
EndProject
Project("{FAE04EC0-301F-11D3-BF4B-00C04F79EFBC}") = "P2E.Main.Domain", "P2E.Main.Domain\P2E.Main.Domain.csproj", "{E1C02085-E9D7-4595-A16C-F2526DE42EEF}"
EndProject
Project("{FAE04EC0-301F-11D3-BF4B-00C04F79EFBC}") = "P2E.Main.Data", "P2E.Main.Data\P2E.Main.Data.csproj", "{2F1F4D0B-4C77-4017-9200-34F799CCA61A}"
EndProject
Project("{FAE04EC0-301F-11D3-BF4B-00C04F79EFBC}") = "P2E.Main.API", "P2E.Main.API\P2E.Main.API.csproj", "{63B2F063-F0EC-484E-BB47-42C94E222E9C}"
EndProject
Project("{2150E333-8FDC-42A3-9474-1A3956D46DE8}") = "3.1 - Web", "3.1 - Web", "{7BA04299-AB47-4764-9B7D-2518E48EC891}"
EndProject
Project("{2150E333-8FDC-42A3-9474-1A3956D46DE8}") = "3.2 - Desktop", "3.2 - Desktop", "{D32246CA-125F-4768-80A6-7768A3EA9757}"
EndProject
Project("{2150E333-8FDC-42A3-9474-1A3956D46DE8}") = "3.3 - Mobile", "3.3 - Mobile", "{8FD7A01C-1811-4D35-BCBC-B1DD8910299C}"
EndProject
Project("{FAE04EC0-301F-11D3-BF4B-00C04F79EFBC}") = "P2E.Main.UI.Web", "P2E.Main.UI.Web\P2E.Main.UI.Web.csproj", "{C2DD0778-4EB9-4322-B2DF-870ACA188B72}"
EndProject
Global
	GlobalSection(SolutionConfigurationPlatforms) = preSolution
		Debug|Any CPU = Debug|Any CPU
		Release|Any CPU = Release|Any CPU
	EndGlobalSection
	GlobalSection(ProjectConfigurationPlatforms) = postSolution
		{15DDED6F-9060-455C-8DE7-B79CF98403AF}.Debug|Any CPU.ActiveCfg = Debug|Any CPU
		{15DDED6F-9060-455C-8DE7-B79CF98403AF}.Debug|Any CPU.Build.0 = Debug|Any CPU
		{15DDED6F-9060-455C-8DE7-B79CF98403AF}.Release|Any CPU.ActiveCfg = Release|Any CPU
		{15DDED6F-9060-455C-8DE7-B79CF98403AF}.Release|Any CPU.Build.0 = Release|Any CPU
		{7442E5A4-AE10-4355-97A9-A3B61020A717}.Debug|Any CPU.ActiveCfg = Debug|Any CPU
		{7442E5A4-AE10-4355-97A9-A3B61020A717}.Debug|Any CPU.Build.0 = Debug|Any CPU
		{7442E5A4-AE10-4355-97A9-A3B61020A717}.Release|Any CPU.ActiveCfg = Release|Any CPU
		{7442E5A4-AE10-4355-97A9-A3B61020A717}.Release|Any CPU.Build.0 = Release|Any CPU
		{18F03278-35C1-4840-827A-1E407B2F4ABB}.Debug|Any CPU.ActiveCfg = Debug|Any CPU
		{18F03278-35C1-4840-827A-1E407B2F4ABB}.Debug|Any CPU.Build.0 = Debug|Any CPU
		{18F03278-35C1-4840-827A-1E407B2F4ABB}.Release|Any CPU.ActiveCfg = Release|Any CPU
		{18F03278-35C1-4840-827A-1E407B2F4ABB}.Release|Any CPU.Build.0 = Release|Any CPU
		{48370845-51E7-4013-8F1A-313BF30BFECE}.Debug|Any CPU.ActiveCfg = Debug|Any CPU
		{48370845-51E7-4013-8F1A-313BF30BFECE}.Debug|Any CPU.Build.0 = Debug|Any CPU
		{48370845-51E7-4013-8F1A-313BF30BFECE}.Release|Any CPU.ActiveCfg = Release|Any CPU
		{48370845-51E7-4013-8F1A-313BF30BFECE}.Release|Any CPU.Build.0 = Release|Any CPU
		{0A9F236D-4189-4059-8F7D-F3607081C8CB}.Debug|Any CPU.ActiveCfg = Debug|Any CPU
		{0A9F236D-4189-4059-8F7D-F3607081C8CB}.Debug|Any CPU.Build.0 = Debug|Any CPU
		{0A9F236D-4189-4059-8F7D-F3607081C8CB}.Release|Any CPU.ActiveCfg = Release|Any CPU
		{0A9F236D-4189-4059-8F7D-F3607081C8CB}.Release|Any CPU.Build.0 = Release|Any CPU
		{E88C6F9A-AEC1-4219-BF30-831D32826A6A}.Debug|Any CPU.ActiveCfg = Debug|Any CPU
		{E88C6F9A-AEC1-4219-BF30-831D32826A6A}.Debug|Any CPU.Build.0 = Debug|Any CPU
		{E88C6F9A-AEC1-4219-BF30-831D32826A6A}.Release|Any CPU.ActiveCfg = Release|Any CPU
		{E88C6F9A-AEC1-4219-BF30-831D32826A6A}.Release|Any CPU.Build.0 = Release|Any CPU
		{DCE56243-2BA3-49E4-8747-76D373D01A28}.Debug|Any CPU.ActiveCfg = Debug|Any CPU
		{DCE56243-2BA3-49E4-8747-76D373D01A28}.Debug|Any CPU.Build.0 = Debug|Any CPU
		{DCE56243-2BA3-49E4-8747-76D373D01A28}.Release|Any CPU.ActiveCfg = Release|Any CPU
		{DCE56243-2BA3-49E4-8747-76D373D01A28}.Release|Any CPU.Build.0 = Release|Any CPU
		{8BEEEA75-8428-47F9-B139-7368C4E3CDF5}.Debug|Any CPU.ActiveCfg = Debug|Any CPU
		{8BEEEA75-8428-47F9-B139-7368C4E3CDF5}.Debug|Any CPU.Build.0 = Debug|Any CPU
		{8BEEEA75-8428-47F9-B139-7368C4E3CDF5}.Release|Any CPU.ActiveCfg = Release|Any CPU
		{8BEEEA75-8428-47F9-B139-7368C4E3CDF5}.Release|Any CPU.Build.0 = Release|Any CPU
		{E973CEC6-33D7-4CB2-9B14-D8296F5EEC25}.Debug|Any CPU.ActiveCfg = Debug|Any CPU
		{E973CEC6-33D7-4CB2-9B14-D8296F5EEC25}.Debug|Any CPU.Build.0 = Debug|Any CPU
		{E973CEC6-33D7-4CB2-9B14-D8296F5EEC25}.Release|Any CPU.ActiveCfg = Release|Any CPU
		{E973CEC6-33D7-4CB2-9B14-D8296F5EEC25}.Release|Any CPU.Build.0 = Release|Any CPU
		{FD9D7F26-6630-4BAD-8FB9-B277EB359838}.Debug|Any CPU.ActiveCfg = Debug|Any CPU
		{FD9D7F26-6630-4BAD-8FB9-B277EB359838}.Debug|Any CPU.Build.0 = Debug|Any CPU
		{FD9D7F26-6630-4BAD-8FB9-B277EB359838}.Release|Any CPU.ActiveCfg = Release|Any CPU
		{FD9D7F26-6630-4BAD-8FB9-B277EB359838}.Release|Any CPU.Build.0 = Release|Any CPU
		{CB4EC9C0-D390-4F52-81A1-B785554DD30A}.Debug|Any CPU.ActiveCfg = Debug|Any CPU
		{CB4EC9C0-D390-4F52-81A1-B785554DD30A}.Debug|Any CPU.Build.0 = Debug|Any CPU
		{CB4EC9C0-D390-4F52-81A1-B785554DD30A}.Release|Any CPU.ActiveCfg = Release|Any CPU
		{CB4EC9C0-D390-4F52-81A1-B785554DD30A}.Release|Any CPU.Build.0 = Release|Any CPU
		{4F069A7B-4DB6-4CBC-BDE8-8F88E468481D}.Debug|Any CPU.ActiveCfg = Debug|Any CPU
		{4F069A7B-4DB6-4CBC-BDE8-8F88E468481D}.Debug|Any CPU.Build.0 = Debug|Any CPU
		{4F069A7B-4DB6-4CBC-BDE8-8F88E468481D}.Release|Any CPU.ActiveCfg = Release|Any CPU
		{4F069A7B-4DB6-4CBC-BDE8-8F88E468481D}.Release|Any CPU.Build.0 = Release|Any CPU
		{0B311EE6-89C9-448E-8E45-FD0FE4BF8015}.Debug|Any CPU.ActiveCfg = Debug|Any CPU
		{0B311EE6-89C9-448E-8E45-FD0FE4BF8015}.Debug|Any CPU.Build.0 = Debug|Any CPU
		{0B311EE6-89C9-448E-8E45-FD0FE4BF8015}.Release|Any CPU.ActiveCfg = Release|Any CPU
		{0B311EE6-89C9-448E-8E45-FD0FE4BF8015}.Release|Any CPU.Build.0 = Release|Any CPU
		{E4BF3248-7A3B-4C64-B552-8A3A360A7954}.Debug|Any CPU.ActiveCfg = Debug|Any CPU
		{E4BF3248-7A3B-4C64-B552-8A3A360A7954}.Debug|Any CPU.Build.0 = Debug|Any CPU
		{E4BF3248-7A3B-4C64-B552-8A3A360A7954}.Release|Any CPU.ActiveCfg = Release|Any CPU
		{E4BF3248-7A3B-4C64-B552-8A3A360A7954}.Release|Any CPU.Build.0 = Release|Any CPU
		{56CE14FD-0F52-4736-BA93-F8DFE48FA9EB}.Debug|Any CPU.ActiveCfg = Debug|Any CPU
		{56CE14FD-0F52-4736-BA93-F8DFE48FA9EB}.Debug|Any CPU.Build.0 = Debug|Any CPU
		{56CE14FD-0F52-4736-BA93-F8DFE48FA9EB}.Release|Any CPU.ActiveCfg = Release|Any CPU
		{56CE14FD-0F52-4736-BA93-F8DFE48FA9EB}.Release|Any CPU.Build.0 = Release|Any CPU
		{E1C02085-E9D7-4595-A16C-F2526DE42EEF}.Debug|Any CPU.ActiveCfg = Debug|Any CPU
		{E1C02085-E9D7-4595-A16C-F2526DE42EEF}.Debug|Any CPU.Build.0 = Debug|Any CPU
		{E1C02085-E9D7-4595-A16C-F2526DE42EEF}.Release|Any CPU.ActiveCfg = Release|Any CPU
		{E1C02085-E9D7-4595-A16C-F2526DE42EEF}.Release|Any CPU.Build.0 = Release|Any CPU
		{2F1F4D0B-4C77-4017-9200-34F799CCA61A}.Debug|Any CPU.ActiveCfg = Debug|Any CPU
		{2F1F4D0B-4C77-4017-9200-34F799CCA61A}.Debug|Any CPU.Build.0 = Debug|Any CPU
		{2F1F4D0B-4C77-4017-9200-34F799CCA61A}.Release|Any CPU.ActiveCfg = Release|Any CPU
		{2F1F4D0B-4C77-4017-9200-34F799CCA61A}.Release|Any CPU.Build.0 = Release|Any CPU
		{63B2F063-F0EC-484E-BB47-42C94E222E9C}.Debug|Any CPU.ActiveCfg = Debug|Any CPU
		{63B2F063-F0EC-484E-BB47-42C94E222E9C}.Debug|Any CPU.Build.0 = Debug|Any CPU
		{63B2F063-F0EC-484E-BB47-42C94E222E9C}.Release|Any CPU.ActiveCfg = Release|Any CPU
		{63B2F063-F0EC-484E-BB47-42C94E222E9C}.Release|Any CPU.Build.0 = Release|Any CPU
		{C2DD0778-4EB9-4322-B2DF-870ACA188B72}.Debug|Any CPU.ActiveCfg = Debug|Any CPU
		{C2DD0778-4EB9-4322-B2DF-870ACA188B72}.Debug|Any CPU.Build.0 = Debug|Any CPU
		{C2DD0778-4EB9-4322-B2DF-870ACA188B72}.Release|Any CPU.ActiveCfg = Release|Any CPU
		{C2DD0778-4EB9-4322-B2DF-870ACA188B72}.Release|Any CPU.Build.0 = Release|Any CPU
	EndGlobalSection
	GlobalSection(SolutionProperties) = preSolution
		HideSolutionNode = FALSE
	EndGlobalSection
	GlobalSection(NestedProjects) = preSolution
		{8631790D-03DE-4A91-82E1-8EBAC4A52BA7} = {B99C26F9-2E53-4CC9-BDAB-CF8CDAB57A81}
		{ED7B474A-83E4-40AB-B3F7-78B6CDD125F1} = {B99C26F9-2E53-4CC9-BDAB-CF8CDAB57A81}
		{4EADF80E-0C05-43E7-A589-1FF573314378} = {B99C26F9-2E53-4CC9-BDAB-CF8CDAB57A81}
		{38D55917-66C2-4B74-B1F4-91D38F7359E5} = {7C280F4C-5F2F-41F3-9734-E61FD61B6A7C}
		{3E498459-B4AE-4AD5-87C8-2E18EE6E6072} = {7C280F4C-5F2F-41F3-9734-E61FD61B6A7C}
		{9DAD185D-952E-4F2F-B4D7-32EDC14E2104} = {7C280F4C-5F2F-41F3-9734-E61FD61B6A7C}
		{3001E13B-04BE-436A-A775-DC59743FC27B} = {25E72E16-C367-402C-AC26-F1AA6F07598C}
		{26A51721-D08A-4D79-911B-2B344693CC6B} = {25E72E16-C367-402C-AC26-F1AA6F07598C}
		{A4D86119-6FB1-4058-86A7-1AB9B34594AD} = {25E72E16-C367-402C-AC26-F1AA6F07598C}
		{639B1008-1BF9-40E8-90EC-4CC89D82B337} = {1AEB174E-1C1F-4742-928C-A7DF1CD3A391}
		{A4EBE321-DE67-4C27-98AF-FF5CC6A52E30} = {1AEB174E-1C1F-4742-928C-A7DF1CD3A391}
		{8A6475D7-93E1-41B0-B3E4-99C8A6F97275} = {1AEB174E-1C1F-4742-928C-A7DF1CD3A391}
		{1F7E1556-F127-4B70-9630-B1981734FED8} = {C53D5BDA-EA59-4DD8-A245-F3394C1E3CE1}
		{DE3AF31D-D2A9-4C5B-904D-3756A58E9591} = {C53D5BDA-EA59-4DD8-A245-F3394C1E3CE1}
		{4F70D8F0-1D89-461F-8D71-17146E79B3FC} = {C53D5BDA-EA59-4DD8-A245-F3394C1E3CE1}
		{15DDED6F-9060-455C-8DE7-B79CF98403AF} = {ED7B474A-83E4-40AB-B3F7-78B6CDD125F1}
		{7442E5A4-AE10-4355-97A9-A3B61020A717} = {4EADF80E-0C05-43E7-A589-1FF573314378}
		{18F03278-35C1-4840-827A-1E407B2F4ABB} = {8631790D-03DE-4A91-82E1-8EBAC4A52BA7}
		{48370845-51E7-4013-8F1A-313BF30BFECE} = {38D55917-66C2-4B74-B1F4-91D38F7359E5}
		{0A9F236D-4189-4059-8F7D-F3607081C8CB} = {3E498459-B4AE-4AD5-87C8-2E18EE6E6072}
		{E88C6F9A-AEC1-4219-BF30-831D32826A6A} = {9DAD185D-952E-4F2F-B4D7-32EDC14E2104}
		{DCE56243-2BA3-49E4-8747-76D373D01A28} = {3001E13B-04BE-436A-A775-DC59743FC27B}
		{8BEEEA75-8428-47F9-B139-7368C4E3CDF5} = {26A51721-D08A-4D79-911B-2B344693CC6B}
		{E973CEC6-33D7-4CB2-9B14-D8296F5EEC25} = {A4D86119-6FB1-4058-86A7-1AB9B34594AD}
		{FD9D7F26-6630-4BAD-8FB9-B277EB359838} = {1F7E1556-F127-4B70-9630-B1981734FED8}
		{CB4EC9C0-D390-4F52-81A1-B785554DD30A} = {DE3AF31D-D2A9-4C5B-904D-3756A58E9591}
		{4F069A7B-4DB6-4CBC-BDE8-8F88E468481D} = {4F70D8F0-1D89-461F-8D71-17146E79B3FC}
		{0B311EE6-89C9-448E-8E45-FD0FE4BF8015} = {639B1008-1BF9-40E8-90EC-4CC89D82B337}
		{E4BF3248-7A3B-4C64-B552-8A3A360A7954} = {A4EBE321-DE67-4C27-98AF-FF5CC6A52E30}
		{56CE14FD-0F52-4736-BA93-F8DFE48FA9EB} = {8A6475D7-93E1-41B0-B3E4-99C8A6F97275}
		{DB6E86F9-F56E-4FC0-A460-97834115ADB4} = {19B14075-89D7-4F7C-89CA-0849A1855D21}
		{C9454523-22B2-4105-8E66-D234209537CE} = {19B14075-89D7-4F7C-89CA-0849A1855D21}
		{C3938F2C-FFBE-4A31-BCF7-A8E2B40F97D7} = {19B14075-89D7-4F7C-89CA-0849A1855D21}
		{6EDED07B-C64C-47A4-8835-05732039B2A1} = {19B14075-89D7-4F7C-89CA-0849A1855D21}
		{E1C02085-E9D7-4595-A16C-F2526DE42EEF} = {DB6E86F9-F56E-4FC0-A460-97834115ADB4}
		{2F1F4D0B-4C77-4017-9200-34F799CCA61A} = {C9454523-22B2-4105-8E66-D234209537CE}
		{63B2F063-F0EC-484E-BB47-42C94E222E9C} = {C3938F2C-FFBE-4A31-BCF7-A8E2B40F97D7}
		{7BA04299-AB47-4764-9B7D-2518E48EC891} = {6EDED07B-C64C-47A4-8835-05732039B2A1}
		{D32246CA-125F-4768-80A6-7768A3EA9757} = {6EDED07B-C64C-47A4-8835-05732039B2A1}
		{8FD7A01C-1811-4D35-BCBC-B1DD8910299C} = {6EDED07B-C64C-47A4-8835-05732039B2A1}
		{C2DD0778-4EB9-4322-B2DF-870ACA188B72} = {7BA04299-AB47-4764-9B7D-2518E48EC891}
	EndGlobalSection
	GlobalSection(ExtensibilityGlobals) = postSolution
		SolutionGuid = {0C9988AB-F61C-428C-820B-835752F46239}
	EndGlobalSection
EndGlobal
