
Microsoft Visual Studio Solution File, Format Version 12.00
# Visual Studio Version 16
VisualStudioVersion = 16.0.29123.88
MinimumVisualStudioVersion = 10.0.40219.1
Project("{2150E333-8FDC-42A3-9474-1A3956D46DE8}") = "Core", "Core", "{DF8CD0B8-840E-490E-9A4B-D83F7727159D}"
EndProject
Project("{FAE04EC0-301F-11D3-BF4B-00C04F79EFBC}") = "P2E.Automacao.Core", "P2E.Automacao.Core\P2E.Automacao.Core.csproj", "{BC0892CC-358A-48AF-B8FB-B6CB45C75AFA}"
EndProject
Project("{2150E333-8FDC-42A3-9474-1A3956D46DE8}") = "Processos", "Processos", "{B65861C8-40F2-490B-B5B1-F5E382E4C4BD}"
EndProject
Project("{2150E333-8FDC-42A3-9474-1A3956D46DE8}") = "EnviarPLI", "EnviarPLI", "{D64856C6-839C-4752-B588-2101711BE4DC}"
EndProject
Project("{2150E333-8FDC-42A3-9474-1A3956D46DE8}") = "BaixarExtratos", "BaixarExtratos", "{3D22EFB5-605D-43FC-85B6-115CAC55EBB0}"
EndProject
Project("{FAE04EC0-301F-11D3-BF4B-00C04F79EFBC}") = "P2E.Automacao.BaixarExtrato", "Processos\P2E.Automacao.BaixarExtrato\P2E.Automacao.BaixarExtrato.csproj", "{D041AD55-1EC1-47D9-97B4-497CB72F9C0C}"
EndProject
Project("{2150E333-8FDC-42A3-9474-1A3956D46DE8}") = "EnviarDAI", "EnviarDAI", "{6B7E6E0E-CB94-4416-803D-A2B72CB5B618}"
EndProject
Project("{FAE04EC0-301F-11D3-BF4B-00C04F79EFBC}") = "P2E.Automacao.EnviarDAI", "Processos\P2E.Automacao.EnviarDAI\P2E.Automacao.EnviarDAI.csproj", "{E77FCDCA-9734-4A2A-849D-95D8E11F2A17}"
EndProject
Project("{2150E333-8FDC-42A3-9474-1A3956D46DE8}") = "AcompanharDespachos", "AcompanharDespachos", "{A639E18D-E892-4213-9738-3B39AAB7ECBD}"
EndProject
Project("{FAE04EC0-301F-11D3-BF4B-00C04F79EFBC}") = "P2E.Automacao.EnviarPLI", "Processos\P2E.Automacao.EnviarPLI\P2E.Automacao.EnviarPLI.csproj", "{1F726E09-73F5-40F9-85ED-302CD5B60D4F}"
EndProject
Project("{FAE04EC0-301F-11D3-BF4B-00C04F79EFBC}") = "P2E.Automacao.AcompanharDespachos", "Processos\P2E.Automacao.AcompanharDespachos\P2E.Automacao.AcompanharDespachos.csproj", "{83FB0DE7-4B5B-4A3F-A7F9-637922B68434}"
EndProject
Project("{2150E333-8FDC-42A3-9474-1A3956D46DE8}") = "TomarCiencia", "TomarCiencia", "{DD342039-5134-4B8A-BC63-CE42392FE7BA}"
EndProject
Project("{FAE04EC0-301F-11D3-BF4B-00C04F79EFBC}") = "P2E.Automacao.TomarCiencia", "Processos\P2E.Automacao.TomarCiencia\P2E.Automacao.TomarCiencia.csproj", "{066B89FA-BED0-4DC8-B3F5-06EB71227110}"
EndProject
Global
	GlobalSection(SolutionConfigurationPlatforms) = preSolution
		Debug|Any CPU = Debug|Any CPU
		Release|Any CPU = Release|Any CPU
	EndGlobalSection
	GlobalSection(ProjectConfigurationPlatforms) = postSolution
		{BC0892CC-358A-48AF-B8FB-B6CB45C75AFA}.Debug|Any CPU.ActiveCfg = Debug|Any CPU
		{BC0892CC-358A-48AF-B8FB-B6CB45C75AFA}.Debug|Any CPU.Build.0 = Debug|Any CPU
		{BC0892CC-358A-48AF-B8FB-B6CB45C75AFA}.Release|Any CPU.ActiveCfg = Release|Any CPU
		{BC0892CC-358A-48AF-B8FB-B6CB45C75AFA}.Release|Any CPU.Build.0 = Release|Any CPU
		{D041AD55-1EC1-47D9-97B4-497CB72F9C0C}.Debug|Any CPU.ActiveCfg = Debug|Any CPU
		{D041AD55-1EC1-47D9-97B4-497CB72F9C0C}.Debug|Any CPU.Build.0 = Debug|Any CPU
		{D041AD55-1EC1-47D9-97B4-497CB72F9C0C}.Release|Any CPU.ActiveCfg = Release|Any CPU
		{D041AD55-1EC1-47D9-97B4-497CB72F9C0C}.Release|Any CPU.Build.0 = Release|Any CPU
		{E77FCDCA-9734-4A2A-849D-95D8E11F2A17}.Debug|Any CPU.ActiveCfg = Debug|Any CPU
		{E77FCDCA-9734-4A2A-849D-95D8E11F2A17}.Debug|Any CPU.Build.0 = Debug|Any CPU
		{E77FCDCA-9734-4A2A-849D-95D8E11F2A17}.Release|Any CPU.ActiveCfg = Release|Any CPU
		{E77FCDCA-9734-4A2A-849D-95D8E11F2A17}.Release|Any CPU.Build.0 = Release|Any CPU
		{1F726E09-73F5-40F9-85ED-302CD5B60D4F}.Debug|Any CPU.ActiveCfg = Debug|Any CPU
		{1F726E09-73F5-40F9-85ED-302CD5B60D4F}.Debug|Any CPU.Build.0 = Debug|Any CPU
		{1F726E09-73F5-40F9-85ED-302CD5B60D4F}.Release|Any CPU.ActiveCfg = Release|Any CPU
		{1F726E09-73F5-40F9-85ED-302CD5B60D4F}.Release|Any CPU.Build.0 = Release|Any CPU
		{83FB0DE7-4B5B-4A3F-A7F9-637922B68434}.Debug|Any CPU.ActiveCfg = Debug|Any CPU
		{83FB0DE7-4B5B-4A3F-A7F9-637922B68434}.Debug|Any CPU.Build.0 = Debug|Any CPU
		{83FB0DE7-4B5B-4A3F-A7F9-637922B68434}.Release|Any CPU.ActiveCfg = Release|Any CPU
		{83FB0DE7-4B5B-4A3F-A7F9-637922B68434}.Release|Any CPU.Build.0 = Release|Any CPU
		{066B89FA-BED0-4DC8-B3F5-06EB71227110}.Debug|Any CPU.ActiveCfg = Debug|Any CPU
		{066B89FA-BED0-4DC8-B3F5-06EB71227110}.Debug|Any CPU.Build.0 = Debug|Any CPU
		{066B89FA-BED0-4DC8-B3F5-06EB71227110}.Release|Any CPU.ActiveCfg = Release|Any CPU
		{066B89FA-BED0-4DC8-B3F5-06EB71227110}.Release|Any CPU.Build.0 = Release|Any CPU
	EndGlobalSection
	GlobalSection(SolutionProperties) = preSolution
		HideSolutionNode = FALSE
	EndGlobalSection
	GlobalSection(NestedProjects) = preSolution
		{BC0892CC-358A-48AF-B8FB-B6CB45C75AFA} = {DF8CD0B8-840E-490E-9A4B-D83F7727159D}
		{D64856C6-839C-4752-B588-2101711BE4DC} = {B65861C8-40F2-490B-B5B1-F5E382E4C4BD}
		{3D22EFB5-605D-43FC-85B6-115CAC55EBB0} = {B65861C8-40F2-490B-B5B1-F5E382E4C4BD}
		{D041AD55-1EC1-47D9-97B4-497CB72F9C0C} = {3D22EFB5-605D-43FC-85B6-115CAC55EBB0}
		{6B7E6E0E-CB94-4416-803D-A2B72CB5B618} = {B65861C8-40F2-490B-B5B1-F5E382E4C4BD}
		{E77FCDCA-9734-4A2A-849D-95D8E11F2A17} = {6B7E6E0E-CB94-4416-803D-A2B72CB5B618}
		{A639E18D-E892-4213-9738-3B39AAB7ECBD} = {B65861C8-40F2-490B-B5B1-F5E382E4C4BD}
		{1F726E09-73F5-40F9-85ED-302CD5B60D4F} = {D64856C6-839C-4752-B588-2101711BE4DC}
		{83FB0DE7-4B5B-4A3F-A7F9-637922B68434} = {A639E18D-E892-4213-9738-3B39AAB7ECBD}
		{DD342039-5134-4B8A-BC63-CE42392FE7BA} = {B65861C8-40F2-490B-B5B1-F5E382E4C4BD}
		{066B89FA-BED0-4DC8-B3F5-06EB71227110} = {DD342039-5134-4B8A-BC63-CE42392FE7BA}
	EndGlobalSection
	GlobalSection(ExtensibilityGlobals) = postSolution
		SolutionGuid = {E02BF6DF-AE47-425E-A0E6-4B3FE6ACBCD3}
	EndGlobalSection
EndGlobal
