
Microsoft Visual Studio Solution File, Format Version 12.00
# Visual Studio Version 16
VisualStudioVersion = 16.0.29123.88
MinimumVisualStudioVersion = 10.0.40219.1
Project("{2150E333-8FDC-42A3-9474-1A3956D46DE8}") = "Processos", "Processos", "{B65861C8-40F2-490B-B5B1-F5E382E4C4BD}"
EndProject
Project("{2150E333-8FDC-42A3-9474-1A3956D46DE8}") = "BaixarExtratos", "BaixarExtratos", "{3D22EFB5-605D-43FC-85B6-115CAC55EBB0}"
EndProject
Project("{2150E333-8FDC-42A3-9474-1A3956D46DE8}") = "EnviarDAI", "EnviarDAI", "{6B7E6E0E-CB94-4416-803D-A2B72CB5B618}"
EndProject
Project("{2150E333-8FDC-42A3-9474-1A3956D46DE8}") = "AcompanharDespachos", "AcompanharDespachos", "{A639E18D-E892-4213-9738-3B39AAB7ECBD}"
EndProject
Project("{2150E333-8FDC-42A3-9474-1A3956D46DE8}") = "TomarCiencia", "TomarCiencia", "{DD342039-5134-4B8A-BC63-CE42392FE7BA}"
EndProject
Project("{2150E333-8FDC-42A3-9474-1A3956D46DE8}") = "Shared", "Shared", "{30FDDBAD-F129-4F9B-944D-2934DE2B1E58}"
EndProject
Project("{2150E333-8FDC-42A3-9474-1A3956D46DE8}") = "EnviarPLI", "EnviarPLI", "{9E301B5E-27AB-4766-8194-587E66C828C8}"
EndProject
Project("{FAE04EC0-301F-11D3-BF4B-00C04F79EFBC}") = "P2E.Automacao.Processos.EnviarPLI.Lib", "Processos\EnvioPLI\P2E.Automacao.Processos.EnvioPLI.Lib\P2E.Automacao.Processos.EnviarPLI.Lib.csproj", "{EDE400C3-1A56-4ADE-A22B-8438E3F4153D}"
EndProject
Project("{FAE04EC0-301F-11D3-BF4B-00C04F79EFBC}") = "P2E.Automacao.EnviarPLI.Console", "Processos\EnvioPLI\P2E.Automacao.EnviarPLI.Console\P2E.Automacao.EnviarPLI.Console.csproj", "{67AAFD65-BB85-48DB-ADE5-6782D1472A2E}"
EndProject
Project("{FAE04EC0-301F-11D3-BF4B-00C04F79EFBC}") = "P2E.Automacao.AcompanharDespachos.Lib", "Processos\AcompanharDespachos\P2E.Automacao.AcompanharDespachos.Lib\P2E.Automacao.AcompanharDespachos.Lib.csproj", "{C98D07C3-081F-48A5-BDF5-E245406D6C73}"
EndProject
Project("{FAE04EC0-301F-11D3-BF4B-00C04F79EFBC}") = "P2E.Automacao.AcompanharDespachos.Console", "Processos\AcompanharDespachos\P2E.Automacao.AcompanharDespachos.Console\P2E.Automacao.AcompanharDespachos.Console.csproj", "{67F809A0-0132-463D-A964-6FB96E59D5E1}"
EndProject
Project("{FAE04EC0-301F-11D3-BF4B-00C04F79EFBC}") = "P2E.Automacao.BaixarExtratos.Lib", "Processos\BaixarExtratos\P2E.Automacao.BaixarExtratos.Lib\P2E.Automacao.BaixarExtratos.Lib.csproj", "{9341DA1A-1311-4517-B6FF-967885E5F509}"
EndProject
Project("{FAE04EC0-301F-11D3-BF4B-00C04F79EFBC}") = "P2E.Automaccao.BaixarExtratos.Console", "Processos\BaixarExtratos\P2E.Automaccao.BaixarExtratos.Console\P2E.Automaccao.BaixarExtratos.Console.csproj", "{D51BF0AC-6815-49DB-84E7-5A5D622DF53B}"
EndProject
Project("{FAE04EC0-301F-11D3-BF4B-00C04F79EFBC}") = "P2E.Automacao.EnviarDAI.Lib", "Processos\EnviarDAI\P2E.Automacao.EnviarDAI.Lib\P2E.Automacao.EnviarDAI.Lib.csproj", "{A2196D7E-F424-4999-9962-D5246E074DED}"
EndProject
Project("{FAE04EC0-301F-11D3-BF4B-00C04F79EFBC}") = "P2E.Automacao.EnviarDAI.Console", "Processos\EnviarDAI\P2E.Automacao.EnviarDAI.Console\P2E.Automacao.EnviarDAI.Console.csproj", "{2439BD8A-9865-4DAE-A7F5-D859D4DE93B8}"
EndProject
Project("{FAE04EC0-301F-11D3-BF4B-00C04F79EFBC}") = "P2E.Automacao.TomarCiencia.Lib", "Processos\TomarCiencia\P2E.Automacao.TomarCiencia.Lib\P2E.Automacao.TomarCiencia.Lib.csproj", "{B636F0EE-9ADB-4A78-9562-40AB057CE927}"
EndProject
Project("{FAE04EC0-301F-11D3-BF4B-00C04F79EFBC}") = "P2E.Automacao.Shared", "P2E.Automacao.Shared\P2E.Automacao.Shared.csproj", "{D05AD0B7-5353-49D3-9351-9079657B20CF}"
EndProject
Project("{FAE04EC0-301F-11D3-BF4B-00C04F79EFBC}") = "P2E.Automacao.TomarCiencia.Console", "Processos\TomarCiencia\P2E.Automacao.TomarCiencia.Console\P2E.Automacao.TomarCiencia.Console.csproj", "{ED39CBFB-F30C-4A05-AD8B-3A509966CDC8}"
EndProject
Project("{2150E333-8FDC-42A3-9474-1A3956D46DE8}") = "ComprovanteImportacao", "ComprovanteImportacao", "{D5AFA16D-1897-4B46-8D8D-2C136DA0BC3E}"
EndProject
Project("{2150E333-8FDC-42A3-9474-1A3956D46DE8}") = "ExonerarICMS", "ExonerarICMS", "{D3D677D3-DE81-4D06-A04E-0DF8FE68710F}"
EndProject
Project("{FAE04EC0-301F-11D3-BF4B-00C04F79EFBC}") = "P2E.Automacao.ExonerarIcms.Lib", "Processos\ExonerarIcms\P2E.Automacao.ExonerarIcms.Lib\P2E.Automacao.ExonerarIcms.Lib.csproj", "{58BBA388-7451-4CB2-92EB-75FB08830AFD}"
EndProject
Project("{FAE04EC0-301F-11D3-BF4B-00C04F79EFBC}") = "P2E.Automacao.ExonerarIcms.Console", "Processos\ExonerarIcms\P2E.Automacao.ExonerarIcms.Console\P2E.Automacao.ExonerarIcms.Console.csproj", "{3E7F5C1A-259E-4A18-9D75-A07ECFB9902A}"
EndProject
Project("{FAE04EC0-301F-11D3-BF4B-00C04F79EFBC}") = "P2E.Automacao.ComprovanteImportacao.Lib", "Processos\ComprovanteImportacao\P2E.Automacao.ComprovanteImportacao.Lib\P2E.Automacao.ComprovanteImportacao.Lib.csproj", "{F268CFE9-9338-4739-A4CB-0F458585CC38}"
EndProject
Project("{FAE04EC0-301F-11D3-BF4B-00C04F79EFBC}") = "P2E.Automacao.ComprovanteImportacao.Console", "Processos\ComprovanteImportacao\P2E.Automacao.ComprovanteImportacao.Console\P2E.Automacao.ComprovanteImportacao.Console.csproj", "{0E8FD3A6-628D-416C-9177-9FFA27A9D98A}"
EndProject
Project("{FAE04EC0-301F-11D3-BF4B-00C04F79EFBC}") = "P2E.Automacao.Orquestrador.Lib", "Orquestrador\P2E.Automacao.Orquestrador.Lib\P2E.Automacao.Orquestrador.Lib.csproj", "{527117A2-F7BC-43AA-9178-5675028E8167}"
EndProject
Project("{2150E333-8FDC-42A3-9474-1A3956D46DE8}") = "Orquestrador", "Orquestrador", "{D65F6265-FD32-45E0-B8FE-A222D32BE6AF}"
EndProject
Project("{FAE04EC0-301F-11D3-BF4B-00C04F79EFBC}") = "P2E.Automacao.Orquestrador.Gerenciador", "Orquestrador\P2E.Automacao.Orquestrador.Gerenciador\P2E.Automacao.Orquestrador.Gerenciador.csproj", "{0C419B24-95E3-4384-BD7A-4DE3E9F4143E}"
EndProject
Project("{FAE04EC0-301F-11D3-BF4B-00C04F79EFBC}") = "P2E.Automacao.Orquestrador.Console", "Orquestrador\P2E.Automacao.Orquestrador.Console\P2E.Automacao.Orquestrador.Console.csproj", "{EC7C339F-40FB-4893-8CA8-B997CF249129}"
EndProject
Project("{2150E333-8FDC-42A3-9474-1A3956D46DE8}") = "ExtratoRetificacao", "ExtratoRetificacao", "{107991A9-061F-481E-8F73-7971A5747C44}"
EndProject
Project("{FAE04EC0-301F-11D3-BF4B-00C04F79EFBC}") = "P2E.Automacao.ExtratoRetificacao.Console", "Processos\ExtratoRetificacao\P2E.Automacao.ExtratoRetificacao.Console\P2E.Automacao.ExtratoRetificacao.Console.csproj", "{0FDD0AFD-FB9E-469E-AD4D-E618E5D2DD83}"
EndProject
Project("{FAE04EC0-301F-11D3-BF4B-00C04F79EFBC}") = "P2E.Automacao.ExtratoRetificacao.Lib", "Processos\ExtratoRetificacao\P2E.Automacao.ExtratoRetificacao.Lib\P2E.Automacao.ExtratoRetificacao.Lib.csproj", "{D22A1A1F-F75A-4FB0-9339-82EEF34E086D}"
EndProject
Project("{2150E333-8FDC-42A3-9474-1A3956D46DE8}") = "TelaDebito", "TelaDebito", "{A1020804-B04D-4BAA-8D78-E5488C4A0B17}"
EndProject
Project("{FAE04EC0-301F-11D3-BF4B-00C04F79EFBC}") = "P2E.Automacao.TelaDebito.Lib", "Processos\TelaDebito\P2E.Automacao.TelaDebito.Lib\P2E.Automacao.TelaDebito.Lib.csproj", "{34E6F9A1-BD25-463B-ABA3-274F8B0D40E6}"
EndProject
Project("{FAE04EC0-301F-11D3-BF4B-00C04F79EFBC}") = "P2E.Automacao.TelaDebito.Console", "Processos\TelaDebito\P2E.Automacao.TelaDebito.Console\P2E.Automacao.TelaDebito.Console.csproj", "{83198346-13EE-47FC-9B15-58526A75A4AC}"
EndProject
Global
	GlobalSection(SolutionConfigurationPlatforms) = preSolution
		Debug|Any CPU = Debug|Any CPU
		Release|Any CPU = Release|Any CPU
	EndGlobalSection
	GlobalSection(ProjectConfigurationPlatforms) = postSolution
		{EDE400C3-1A56-4ADE-A22B-8438E3F4153D}.Debug|Any CPU.ActiveCfg = Debug|Any CPU
		{EDE400C3-1A56-4ADE-A22B-8438E3F4153D}.Debug|Any CPU.Build.0 = Debug|Any CPU
		{EDE400C3-1A56-4ADE-A22B-8438E3F4153D}.Release|Any CPU.ActiveCfg = Release|Any CPU
		{EDE400C3-1A56-4ADE-A22B-8438E3F4153D}.Release|Any CPU.Build.0 = Release|Any CPU
		{67AAFD65-BB85-48DB-ADE5-6782D1472A2E}.Debug|Any CPU.ActiveCfg = Debug|Any CPU
		{67AAFD65-BB85-48DB-ADE5-6782D1472A2E}.Debug|Any CPU.Build.0 = Debug|Any CPU
		{67AAFD65-BB85-48DB-ADE5-6782D1472A2E}.Release|Any CPU.ActiveCfg = Release|Any CPU
		{67AAFD65-BB85-48DB-ADE5-6782D1472A2E}.Release|Any CPU.Build.0 = Release|Any CPU
		{C98D07C3-081F-48A5-BDF5-E245406D6C73}.Debug|Any CPU.ActiveCfg = Debug|Any CPU
		{C98D07C3-081F-48A5-BDF5-E245406D6C73}.Debug|Any CPU.Build.0 = Debug|Any CPU
		{C98D07C3-081F-48A5-BDF5-E245406D6C73}.Release|Any CPU.ActiveCfg = Release|Any CPU
		{C98D07C3-081F-48A5-BDF5-E245406D6C73}.Release|Any CPU.Build.0 = Release|Any CPU
		{67F809A0-0132-463D-A964-6FB96E59D5E1}.Debug|Any CPU.ActiveCfg = Debug|Any CPU
		{67F809A0-0132-463D-A964-6FB96E59D5E1}.Debug|Any CPU.Build.0 = Debug|Any CPU
		{67F809A0-0132-463D-A964-6FB96E59D5E1}.Release|Any CPU.ActiveCfg = Release|Any CPU
		{67F809A0-0132-463D-A964-6FB96E59D5E1}.Release|Any CPU.Build.0 = Release|Any CPU
		{9341DA1A-1311-4517-B6FF-967885E5F509}.Debug|Any CPU.ActiveCfg = Debug|Any CPU
		{9341DA1A-1311-4517-B6FF-967885E5F509}.Debug|Any CPU.Build.0 = Debug|Any CPU
		{9341DA1A-1311-4517-B6FF-967885E5F509}.Release|Any CPU.ActiveCfg = Release|Any CPU
		{9341DA1A-1311-4517-B6FF-967885E5F509}.Release|Any CPU.Build.0 = Release|Any CPU
		{D51BF0AC-6815-49DB-84E7-5A5D622DF53B}.Debug|Any CPU.ActiveCfg = Debug|Any CPU
		{D51BF0AC-6815-49DB-84E7-5A5D622DF53B}.Debug|Any CPU.Build.0 = Debug|Any CPU
		{D51BF0AC-6815-49DB-84E7-5A5D622DF53B}.Release|Any CPU.ActiveCfg = Release|Any CPU
		{D51BF0AC-6815-49DB-84E7-5A5D622DF53B}.Release|Any CPU.Build.0 = Release|Any CPU
		{A2196D7E-F424-4999-9962-D5246E074DED}.Debug|Any CPU.ActiveCfg = Debug|Any CPU
		{A2196D7E-F424-4999-9962-D5246E074DED}.Debug|Any CPU.Build.0 = Debug|Any CPU
		{A2196D7E-F424-4999-9962-D5246E074DED}.Release|Any CPU.ActiveCfg = Release|Any CPU
		{A2196D7E-F424-4999-9962-D5246E074DED}.Release|Any CPU.Build.0 = Release|Any CPU
		{2439BD8A-9865-4DAE-A7F5-D859D4DE93B8}.Debug|Any CPU.ActiveCfg = Debug|Any CPU
		{2439BD8A-9865-4DAE-A7F5-D859D4DE93B8}.Debug|Any CPU.Build.0 = Debug|Any CPU
		{2439BD8A-9865-4DAE-A7F5-D859D4DE93B8}.Release|Any CPU.ActiveCfg = Release|Any CPU
		{2439BD8A-9865-4DAE-A7F5-D859D4DE93B8}.Release|Any CPU.Build.0 = Release|Any CPU
		{B636F0EE-9ADB-4A78-9562-40AB057CE927}.Debug|Any CPU.ActiveCfg = Debug|Any CPU
		{B636F0EE-9ADB-4A78-9562-40AB057CE927}.Debug|Any CPU.Build.0 = Debug|Any CPU
		{B636F0EE-9ADB-4A78-9562-40AB057CE927}.Release|Any CPU.ActiveCfg = Release|Any CPU
		{B636F0EE-9ADB-4A78-9562-40AB057CE927}.Release|Any CPU.Build.0 = Release|Any CPU
		{D05AD0B7-5353-49D3-9351-9079657B20CF}.Debug|Any CPU.ActiveCfg = Debug|Any CPU
		{D05AD0B7-5353-49D3-9351-9079657B20CF}.Debug|Any CPU.Build.0 = Debug|Any CPU
		{D05AD0B7-5353-49D3-9351-9079657B20CF}.Release|Any CPU.ActiveCfg = Release|Any CPU
		{D05AD0B7-5353-49D3-9351-9079657B20CF}.Release|Any CPU.Build.0 = Release|Any CPU
		{ED39CBFB-F30C-4A05-AD8B-3A509966CDC8}.Debug|Any CPU.ActiveCfg = Debug|Any CPU
		{ED39CBFB-F30C-4A05-AD8B-3A509966CDC8}.Debug|Any CPU.Build.0 = Debug|Any CPU
		{ED39CBFB-F30C-4A05-AD8B-3A509966CDC8}.Release|Any CPU.ActiveCfg = Release|Any CPU
		{ED39CBFB-F30C-4A05-AD8B-3A509966CDC8}.Release|Any CPU.Build.0 = Release|Any CPU
		{58BBA388-7451-4CB2-92EB-75FB08830AFD}.Debug|Any CPU.ActiveCfg = Debug|Any CPU
		{58BBA388-7451-4CB2-92EB-75FB08830AFD}.Debug|Any CPU.Build.0 = Debug|Any CPU
		{58BBA388-7451-4CB2-92EB-75FB08830AFD}.Release|Any CPU.ActiveCfg = Release|Any CPU
		{58BBA388-7451-4CB2-92EB-75FB08830AFD}.Release|Any CPU.Build.0 = Release|Any CPU
		{3E7F5C1A-259E-4A18-9D75-A07ECFB9902A}.Debug|Any CPU.ActiveCfg = Debug|Any CPU
		{3E7F5C1A-259E-4A18-9D75-A07ECFB9902A}.Debug|Any CPU.Build.0 = Debug|Any CPU
		{3E7F5C1A-259E-4A18-9D75-A07ECFB9902A}.Release|Any CPU.ActiveCfg = Release|Any CPU
		{3E7F5C1A-259E-4A18-9D75-A07ECFB9902A}.Release|Any CPU.Build.0 = Release|Any CPU
		{F268CFE9-9338-4739-A4CB-0F458585CC38}.Debug|Any CPU.ActiveCfg = Debug|Any CPU
		{F268CFE9-9338-4739-A4CB-0F458585CC38}.Debug|Any CPU.Build.0 = Debug|Any CPU
		{F268CFE9-9338-4739-A4CB-0F458585CC38}.Release|Any CPU.ActiveCfg = Release|Any CPU
		{F268CFE9-9338-4739-A4CB-0F458585CC38}.Release|Any CPU.Build.0 = Release|Any CPU
		{0E8FD3A6-628D-416C-9177-9FFA27A9D98A}.Debug|Any CPU.ActiveCfg = Debug|Any CPU
		{0E8FD3A6-628D-416C-9177-9FFA27A9D98A}.Debug|Any CPU.Build.0 = Debug|Any CPU
		{0E8FD3A6-628D-416C-9177-9FFA27A9D98A}.Release|Any CPU.ActiveCfg = Release|Any CPU
		{0E8FD3A6-628D-416C-9177-9FFA27A9D98A}.Release|Any CPU.Build.0 = Release|Any CPU
		{527117A2-F7BC-43AA-9178-5675028E8167}.Debug|Any CPU.ActiveCfg = Debug|Any CPU
		{527117A2-F7BC-43AA-9178-5675028E8167}.Debug|Any CPU.Build.0 = Debug|Any CPU
		{527117A2-F7BC-43AA-9178-5675028E8167}.Release|Any CPU.ActiveCfg = Release|Any CPU
		{527117A2-F7BC-43AA-9178-5675028E8167}.Release|Any CPU.Build.0 = Release|Any CPU
		{0C419B24-95E3-4384-BD7A-4DE3E9F4143E}.Debug|Any CPU.ActiveCfg = Debug|Any CPU
		{0C419B24-95E3-4384-BD7A-4DE3E9F4143E}.Debug|Any CPU.Build.0 = Debug|Any CPU
		{0C419B24-95E3-4384-BD7A-4DE3E9F4143E}.Release|Any CPU.ActiveCfg = Release|Any CPU
		{0C419B24-95E3-4384-BD7A-4DE3E9F4143E}.Release|Any CPU.Build.0 = Release|Any CPU
		{EC7C339F-40FB-4893-8CA8-B997CF249129}.Debug|Any CPU.ActiveCfg = Debug|Any CPU
		{EC7C339F-40FB-4893-8CA8-B997CF249129}.Debug|Any CPU.Build.0 = Debug|Any CPU
		{EC7C339F-40FB-4893-8CA8-B997CF249129}.Release|Any CPU.ActiveCfg = Release|Any CPU
		{EC7C339F-40FB-4893-8CA8-B997CF249129}.Release|Any CPU.Build.0 = Release|Any CPU
		{0FDD0AFD-FB9E-469E-AD4D-E618E5D2DD83}.Debug|Any CPU.ActiveCfg = Debug|Any CPU
		{0FDD0AFD-FB9E-469E-AD4D-E618E5D2DD83}.Debug|Any CPU.Build.0 = Debug|Any CPU
		{0FDD0AFD-FB9E-469E-AD4D-E618E5D2DD83}.Release|Any CPU.ActiveCfg = Release|Any CPU
		{0FDD0AFD-FB9E-469E-AD4D-E618E5D2DD83}.Release|Any CPU.Build.0 = Release|Any CPU
		{D22A1A1F-F75A-4FB0-9339-82EEF34E086D}.Debug|Any CPU.ActiveCfg = Debug|Any CPU
		{D22A1A1F-F75A-4FB0-9339-82EEF34E086D}.Debug|Any CPU.Build.0 = Debug|Any CPU
		{D22A1A1F-F75A-4FB0-9339-82EEF34E086D}.Release|Any CPU.ActiveCfg = Release|Any CPU
		{D22A1A1F-F75A-4FB0-9339-82EEF34E086D}.Release|Any CPU.Build.0 = Release|Any CPU
		{34E6F9A1-BD25-463B-ABA3-274F8B0D40E6}.Debug|Any CPU.ActiveCfg = Debug|Any CPU
		{34E6F9A1-BD25-463B-ABA3-274F8B0D40E6}.Debug|Any CPU.Build.0 = Debug|Any CPU
		{34E6F9A1-BD25-463B-ABA3-274F8B0D40E6}.Release|Any CPU.ActiveCfg = Release|Any CPU
		{34E6F9A1-BD25-463B-ABA3-274F8B0D40E6}.Release|Any CPU.Build.0 = Release|Any CPU
		{83198346-13EE-47FC-9B15-58526A75A4AC}.Debug|Any CPU.ActiveCfg = Debug|Any CPU
		{83198346-13EE-47FC-9B15-58526A75A4AC}.Debug|Any CPU.Build.0 = Debug|Any CPU
		{83198346-13EE-47FC-9B15-58526A75A4AC}.Release|Any CPU.ActiveCfg = Release|Any CPU
		{83198346-13EE-47FC-9B15-58526A75A4AC}.Release|Any CPU.Build.0 = Release|Any CPU
	EndGlobalSection
	GlobalSection(SolutionProperties) = preSolution
		HideSolutionNode = FALSE
	EndGlobalSection
	GlobalSection(NestedProjects) = preSolution
		{3D22EFB5-605D-43FC-85B6-115CAC55EBB0} = {B65861C8-40F2-490B-B5B1-F5E382E4C4BD}
		{6B7E6E0E-CB94-4416-803D-A2B72CB5B618} = {B65861C8-40F2-490B-B5B1-F5E382E4C4BD}
		{A639E18D-E892-4213-9738-3B39AAB7ECBD} = {B65861C8-40F2-490B-B5B1-F5E382E4C4BD}
		{DD342039-5134-4B8A-BC63-CE42392FE7BA} = {B65861C8-40F2-490B-B5B1-F5E382E4C4BD}
		{9E301B5E-27AB-4766-8194-587E66C828C8} = {B65861C8-40F2-490B-B5B1-F5E382E4C4BD}
		{EDE400C3-1A56-4ADE-A22B-8438E3F4153D} = {9E301B5E-27AB-4766-8194-587E66C828C8}
		{67AAFD65-BB85-48DB-ADE5-6782D1472A2E} = {9E301B5E-27AB-4766-8194-587E66C828C8}
		{C98D07C3-081F-48A5-BDF5-E245406D6C73} = {A639E18D-E892-4213-9738-3B39AAB7ECBD}
		{67F809A0-0132-463D-A964-6FB96E59D5E1} = {A639E18D-E892-4213-9738-3B39AAB7ECBD}
		{9341DA1A-1311-4517-B6FF-967885E5F509} = {3D22EFB5-605D-43FC-85B6-115CAC55EBB0}
		{D51BF0AC-6815-49DB-84E7-5A5D622DF53B} = {3D22EFB5-605D-43FC-85B6-115CAC55EBB0}
		{A2196D7E-F424-4999-9962-D5246E074DED} = {6B7E6E0E-CB94-4416-803D-A2B72CB5B618}
		{2439BD8A-9865-4DAE-A7F5-D859D4DE93B8} = {6B7E6E0E-CB94-4416-803D-A2B72CB5B618}
		{B636F0EE-9ADB-4A78-9562-40AB057CE927} = {DD342039-5134-4B8A-BC63-CE42392FE7BA}
		{D05AD0B7-5353-49D3-9351-9079657B20CF} = {30FDDBAD-F129-4F9B-944D-2934DE2B1E58}
		{ED39CBFB-F30C-4A05-AD8B-3A509966CDC8} = {DD342039-5134-4B8A-BC63-CE42392FE7BA}
		{D5AFA16D-1897-4B46-8D8D-2C136DA0BC3E} = {B65861C8-40F2-490B-B5B1-F5E382E4C4BD}
		{D3D677D3-DE81-4D06-A04E-0DF8FE68710F} = {B65861C8-40F2-490B-B5B1-F5E382E4C4BD}
		{58BBA388-7451-4CB2-92EB-75FB08830AFD} = {D3D677D3-DE81-4D06-A04E-0DF8FE68710F}
		{3E7F5C1A-259E-4A18-9D75-A07ECFB9902A} = {D3D677D3-DE81-4D06-A04E-0DF8FE68710F}
		{F268CFE9-9338-4739-A4CB-0F458585CC38} = {D5AFA16D-1897-4B46-8D8D-2C136DA0BC3E}
		{0E8FD3A6-628D-416C-9177-9FFA27A9D98A} = {D5AFA16D-1897-4B46-8D8D-2C136DA0BC3E}
		{527117A2-F7BC-43AA-9178-5675028E8167} = {D65F6265-FD32-45E0-B8FE-A222D32BE6AF}
		{0C419B24-95E3-4384-BD7A-4DE3E9F4143E} = {D65F6265-FD32-45E0-B8FE-A222D32BE6AF}
		{EC7C339F-40FB-4893-8CA8-B997CF249129} = {D65F6265-FD32-45E0-B8FE-A222D32BE6AF}
		{107991A9-061F-481E-8F73-7971A5747C44} = {B65861C8-40F2-490B-B5B1-F5E382E4C4BD}
		{0FDD0AFD-FB9E-469E-AD4D-E618E5D2DD83} = {107991A9-061F-481E-8F73-7971A5747C44}
		{D22A1A1F-F75A-4FB0-9339-82EEF34E086D} = {107991A9-061F-481E-8F73-7971A5747C44}
		{A1020804-B04D-4BAA-8D78-E5488C4A0B17} = {B65861C8-40F2-490B-B5B1-F5E382E4C4BD}
		{34E6F9A1-BD25-463B-ABA3-274F8B0D40E6} = {A1020804-B04D-4BAA-8D78-E5488C4A0B17}
		{83198346-13EE-47FC-9B15-58526A75A4AC} = {A1020804-B04D-4BAA-8D78-E5488C4A0B17}
	EndGlobalSection
	GlobalSection(ExtensibilityGlobals) = postSolution
		SolutionGuid = {E02BF6DF-AE47-425E-A0E6-4B3FE6ACBCD3}
	EndGlobalSection
EndGlobal
