
Microsoft Visual Studio Solution File, Format Version 12.00
# Visual Studio Version 16
VisualStudioVersion = 16.0.29123.88
MinimumVisualStudioVersion = 10.0.40219.1
Project("{2150E333-8FDC-42A3-9474-1A3956D46DE8}") = "Gerenciador", "Gerenciador", "{DF8CD0B8-840E-490E-9A4B-D83F7727159D}"
EndProject
Project("{2150E333-8FDC-42A3-9474-1A3956D46DE8}") = "Processos", "Processos", "{B65861C8-40F2-490B-B5B1-F5E382E4C4BD}"
EndProject
Project("{2150E333-8FDC-42A3-9474-1A3956D46DE8}") = "BaixarExtratos", "BaixarExtratos", "{3D22EFB5-605D-43FC-85B6-115CAC55EBB0}"
EndProject
Project("{2150E333-8FDC-42A3-9474-1A3956D46DE8}") = "EnviarDAI", "EnviarDAI", "{6B7E6E0E-CB94-4416-803D-A2B72CB5B618}"
EndProject
Project("{2150E333-8FDC-42A3-9474-1A3956D46DE8}") = "AcompanharDespachos", "AcompanharDespachos", "{A639E18D-E892-4213-9738-3B39AAB7ECBD}"
EndProject
Project("{2150E333-8FDC-42A3-9474-1A3956D46DE8}") = "TomarCiencia", "TomarCiencia", "{DD342039-5134-4B8A-BC63-CE42392FE7BA}"
EndProject
Project("{2150E333-8FDC-42A3-9474-1A3956D46DE8}") = "Shared", "Shared", "{30FDDBAD-F129-4F9B-944D-2934DE2B1E58}"
EndProject
Project("{2150E333-8FDC-42A3-9474-1A3956D46DE8}") = "EnviarPLI", "EnviarPLI", "{9E301B5E-27AB-4766-8194-587E66C828C8}"
EndProject
Project("{FAE04EC0-301F-11D3-BF4B-00C04F79EFBC}") = "P2E.Automacao.Processos.EnviarPLI.Lib", "Processos\EnvioPLI\P2E.Automacao.Processos.EnvioPLI.Lib\P2E.Automacao.Processos.EnviarPLI.Lib.csproj", "{EDE400C3-1A56-4ADE-A22B-8438E3F4153D}"
EndProject
Project("{FAE04EC0-301F-11D3-BF4B-00C04F79EFBC}") = "P2E.Automacao.EnviarPLI.Console", "Processos\EnvioPLI\P2E.Automacao.EnviarPLI.Console\P2E.Automacao.EnviarPLI.Console.csproj", "{67AAFD65-BB85-48DB-ADE5-6782D1472A2E}"
EndProject
Project("{FAE04EC0-301F-11D3-BF4B-00C04F79EFBC}") = "P2E.Automacao.AcompanharDespachos.Lib", "Processos\AcompanharDespachos\P2E.Automacao.AcompanharDespachos.Lib\P2E.Automacao.AcompanharDespachos.Lib.csproj", "{C98D07C3-081F-48A5-BDF5-E245406D6C73}"
EndProject
Project("{FAE04EC0-301F-11D3-BF4B-00C04F79EFBC}") = "P2E.Automacao.AcompanharDespachos.Console", "Processos\AcompanharDespachos\P2E.Automacao.AcompanharDespachos.Console\P2E.Automacao.AcompanharDespachos.Console.csproj", "{67F809A0-0132-463D-A964-6FB96E59D5E1}"
EndProject
Project("{FAE04EC0-301F-11D3-BF4B-00C04F79EFBC}") = "P2E.Automacao.BaixarExtratos.Lib", "Processos\BaixarExtratos\P2E.Automacao.BaixarExtratos.Lib\P2E.Automacao.BaixarExtratos.Lib.csproj", "{9341DA1A-1311-4517-B6FF-967885E5F509}"
EndProject
Project("{FAE04EC0-301F-11D3-BF4B-00C04F79EFBC}") = "P2E.Automaccao.BaixarExtratos.Console", "Processos\BaixarExtratos\P2E.Automaccao.BaixarExtratos.Console\P2E.Automaccao.BaixarExtratos.Console.csproj", "{D51BF0AC-6815-49DB-84E7-5A5D622DF53B}"
EndProject
Project("{FAE04EC0-301F-11D3-BF4B-00C04F79EFBC}") = "P2E.Automacao.EnviarDAI.Lib", "Processos\EnviarDAI\P2E.Automacao.EnviarDAI.Lib\P2E.Automacao.EnviarDAI.Lib.csproj", "{A2196D7E-F424-4999-9962-D5246E074DED}"
EndProject
Project("{FAE04EC0-301F-11D3-BF4B-00C04F79EFBC}") = "P2E.Automacao.EnviarDAI.Console", "Processos\EnviarDAI\P2E.Automacao.EnviarDAI.Console\P2E.Automacao.EnviarDAI.Console.csproj", "{2439BD8A-9865-4DAE-A7F5-D859D4DE93B8}"
EndProject
Project("{FAE04EC0-301F-11D3-BF4B-00C04F79EFBC}") = "P2E.Automacao.TomarCiencia.Lib", "Processos\TomarCiencia\P2E.Automacao.TomarCiencia.Lib\P2E.Automacao.TomarCiencia.Lib.csproj", "{B636F0EE-9ADB-4A78-9562-40AB057CE927}"
EndProject
Project("{FAE04EC0-301F-11D3-BF4B-00C04F79EFBC}") = "P2E.Automacao.Shared", "P2E.Automacao.Shared\P2E.Automacao.Shared.csproj", "{D05AD0B7-5353-49D3-9351-9079657B20CF}"
EndProject
Project("{FAE04EC0-301F-11D3-BF4B-00C04F79EFBC}") = "P2E.Automacao.TomarCiencia.Console", "Processos\TomarCiencia\P2E.Automacao.TomarCiencia.Console\P2E.Automacao.TomarCiencia.Console.csproj", "{ED39CBFB-F30C-4A05-AD8B-3A509966CDC8}"
EndProject
Project("{FAE04EC0-301F-11D3-BF4B-00C04F79EFBC}") = "P2E.Automacao.Gerenciador", "Gerenciador\P2E.Automacao.Gerenciador\P2E.Automacao.Gerenciador.csproj", "{EACB8289-1C49-4A6A-9394-F80623AC4006}"
EndProject
Project("{2150E333-8FDC-42A3-9474-1A3956D46DE8}") = "ComprovanteImportacao", "ComprovanteImportacao", "{D5AFA16D-1897-4B46-8D8D-2C136DA0BC3E}"
EndProject
Project("{FAE04EC0-301F-11D3-BF4B-00C04F79EFBC}") = "P2E.Automacao.ComprovanteImportacao.Console", "P2E.Automacao.ComprovanteImportacao.Console\P2E.Automacao.ComprovanteImportacao.Console.csproj", "{2BDC7184-64D2-46E9-9649-4418B7CD583B}"
EndProject
Project("{FAE04EC0-301F-11D3-BF4B-00C04F79EFBC}") = "P2E.Automacao.ComprovanteImportacao.Lib", "P2E.Automacao.ComprovanteImportacao.Lib\P2E.Automacao.ComprovanteImportacao.Lib.csproj", "{CB0BA29F-C916-479A-99C5-56D6B3FEF60F}"
EndProject
Project("{2150E333-8FDC-42A3-9474-1A3956D46DE8}") = "ExonerarICMS", "ExonerarICMS", "{D3D677D3-DE81-4D06-A04E-0DF8FE68710F}"
EndProject
Project("{FAE04EC0-301F-11D3-BF4B-00C04F79EFBC}") = "P2E.Automacao.ExonerarIcms.Lib", "Processos\ExonerarIcms\P2E.Automacao.ExonerarIcms.Lib\P2E.Automacao.ExonerarIcms.Lib.csproj", "{58BBA388-7451-4CB2-92EB-75FB08830AFD}"
EndProject
Project("{FAE04EC0-301F-11D3-BF4B-00C04F79EFBC}") = "P2E.Automacao.ExonerarIcms.Console", "Processos\ExonerarIcms\P2E.Automacao.ExonerarIcms.Console\P2E.Automacao.ExonerarIcms.Console.csproj", "{3E7F5C1A-259E-4A18-9D75-A07ECFB9902A}"
EndProject
Global
	GlobalSection(SolutionConfigurationPlatforms) = preSolution
		Debug|Any CPU = Debug|Any CPU
		Release|Any CPU = Release|Any CPU
	EndGlobalSection
	GlobalSection(ProjectConfigurationPlatforms) = postSolution
		{EDE400C3-1A56-4ADE-A22B-8438E3F4153D}.Debug|Any CPU.ActiveCfg = Debug|Any CPU
		{EDE400C3-1A56-4ADE-A22B-8438E3F4153D}.Debug|Any CPU.Build.0 = Debug|Any CPU
		{EDE400C3-1A56-4ADE-A22B-8438E3F4153D}.Release|Any CPU.ActiveCfg = Release|Any CPU
		{EDE400C3-1A56-4ADE-A22B-8438E3F4153D}.Release|Any CPU.Build.0 = Release|Any CPU
		{67AAFD65-BB85-48DB-ADE5-6782D1472A2E}.Debug|Any CPU.ActiveCfg = Debug|Any CPU
		{67AAFD65-BB85-48DB-ADE5-6782D1472A2E}.Debug|Any CPU.Build.0 = Debug|Any CPU
		{67AAFD65-BB85-48DB-ADE5-6782D1472A2E}.Release|Any CPU.ActiveCfg = Release|Any CPU
		{67AAFD65-BB85-48DB-ADE5-6782D1472A2E}.Release|Any CPU.Build.0 = Release|Any CPU
		{C98D07C3-081F-48A5-BDF5-E245406D6C73}.Debug|Any CPU.ActiveCfg = Debug|Any CPU
		{C98D07C3-081F-48A5-BDF5-E245406D6C73}.Debug|Any CPU.Build.0 = Debug|Any CPU
		{C98D07C3-081F-48A5-BDF5-E245406D6C73}.Release|Any CPU.ActiveCfg = Release|Any CPU
		{C98D07C3-081F-48A5-BDF5-E245406D6C73}.Release|Any CPU.Build.0 = Release|Any CPU
		{67F809A0-0132-463D-A964-6FB96E59D5E1}.Debug|Any CPU.ActiveCfg = Debug|Any CPU
		{67F809A0-0132-463D-A964-6FB96E59D5E1}.Debug|Any CPU.Build.0 = Debug|Any CPU
		{67F809A0-0132-463D-A964-6FB96E59D5E1}.Release|Any CPU.ActiveCfg = Release|Any CPU
		{67F809A0-0132-463D-A964-6FB96E59D5E1}.Release|Any CPU.Build.0 = Release|Any CPU
		{9341DA1A-1311-4517-B6FF-967885E5F509}.Debug|Any CPU.ActiveCfg = Debug|Any CPU
		{9341DA1A-1311-4517-B6FF-967885E5F509}.Debug|Any CPU.Build.0 = Debug|Any CPU
		{9341DA1A-1311-4517-B6FF-967885E5F509}.Release|Any CPU.ActiveCfg = Release|Any CPU
		{9341DA1A-1311-4517-B6FF-967885E5F509}.Release|Any CPU.Build.0 = Release|Any CPU
		{D51BF0AC-6815-49DB-84E7-5A5D622DF53B}.Debug|Any CPU.ActiveCfg = Debug|Any CPU
		{D51BF0AC-6815-49DB-84E7-5A5D622DF53B}.Debug|Any CPU.Build.0 = Debug|Any CPU
		{D51BF0AC-6815-49DB-84E7-5A5D622DF53B}.Release|Any CPU.ActiveCfg = Release|Any CPU
		{D51BF0AC-6815-49DB-84E7-5A5D622DF53B}.Release|Any CPU.Build.0 = Release|Any CPU
		{A2196D7E-F424-4999-9962-D5246E074DED}.Debug|Any CPU.ActiveCfg = Debug|Any CPU
		{A2196D7E-F424-4999-9962-D5246E074DED}.Debug|Any CPU.Build.0 = Debug|Any CPU
		{A2196D7E-F424-4999-9962-D5246E074DED}.Release|Any CPU.ActiveCfg = Release|Any CPU
		{A2196D7E-F424-4999-9962-D5246E074DED}.Release|Any CPU.Build.0 = Release|Any CPU
		{2439BD8A-9865-4DAE-A7F5-D859D4DE93B8}.Debug|Any CPU.ActiveCfg = Debug|Any CPU
		{2439BD8A-9865-4DAE-A7F5-D859D4DE93B8}.Debug|Any CPU.Build.0 = Debug|Any CPU
		{2439BD8A-9865-4DAE-A7F5-D859D4DE93B8}.Release|Any CPU.ActiveCfg = Release|Any CPU
		{2439BD8A-9865-4DAE-A7F5-D859D4DE93B8}.Release|Any CPU.Build.0 = Release|Any CPU
		{B636F0EE-9ADB-4A78-9562-40AB057CE927}.Debug|Any CPU.ActiveCfg = Debug|Any CPU
		{B636F0EE-9ADB-4A78-9562-40AB057CE927}.Debug|Any CPU.Build.0 = Debug|Any CPU
		{B636F0EE-9ADB-4A78-9562-40AB057CE927}.Release|Any CPU.ActiveCfg = Release|Any CPU
		{B636F0EE-9ADB-4A78-9562-40AB057CE927}.Release|Any CPU.Build.0 = Release|Any CPU
		{D05AD0B7-5353-49D3-9351-9079657B20CF}.Debug|Any CPU.ActiveCfg = Debug|Any CPU
		{D05AD0B7-5353-49D3-9351-9079657B20CF}.Debug|Any CPU.Build.0 = Debug|Any CPU
		{D05AD0B7-5353-49D3-9351-9079657B20CF}.Release|Any CPU.ActiveCfg = Release|Any CPU
		{D05AD0B7-5353-49D3-9351-9079657B20CF}.Release|Any CPU.Build.0 = Release|Any CPU
		{ED39CBFB-F30C-4A05-AD8B-3A509966CDC8}.Debug|Any CPU.ActiveCfg = Debug|Any CPU
		{ED39CBFB-F30C-4A05-AD8B-3A509966CDC8}.Debug|Any CPU.Build.0 = Debug|Any CPU
		{ED39CBFB-F30C-4A05-AD8B-3A509966CDC8}.Release|Any CPU.ActiveCfg = Release|Any CPU
		{ED39CBFB-F30C-4A05-AD8B-3A509966CDC8}.Release|Any CPU.Build.0 = Release|Any CPU
		{EACB8289-1C49-4A6A-9394-F80623AC4006}.Debug|Any CPU.ActiveCfg = Debug|Any CPU
		{EACB8289-1C49-4A6A-9394-F80623AC4006}.Debug|Any CPU.Build.0 = Debug|Any CPU
		{EACB8289-1C49-4A6A-9394-F80623AC4006}.Release|Any CPU.ActiveCfg = Release|Any CPU
		{EACB8289-1C49-4A6A-9394-F80623AC4006}.Release|Any CPU.Build.0 = Release|Any CPU
		{2BDC7184-64D2-46E9-9649-4418B7CD583B}.Debug|Any CPU.ActiveCfg = Debug|Any CPU
		{2BDC7184-64D2-46E9-9649-4418B7CD583B}.Debug|Any CPU.Build.0 = Debug|Any CPU
		{2BDC7184-64D2-46E9-9649-4418B7CD583B}.Release|Any CPU.ActiveCfg = Release|Any CPU
		{2BDC7184-64D2-46E9-9649-4418B7CD583B}.Release|Any CPU.Build.0 = Release|Any CPU
		{CB0BA29F-C916-479A-99C5-56D6B3FEF60F}.Debug|Any CPU.ActiveCfg = Debug|Any CPU
		{CB0BA29F-C916-479A-99C5-56D6B3FEF60F}.Debug|Any CPU.Build.0 = Debug|Any CPU
		{CB0BA29F-C916-479A-99C5-56D6B3FEF60F}.Release|Any CPU.ActiveCfg = Release|Any CPU
		{CB0BA29F-C916-479A-99C5-56D6B3FEF60F}.Release|Any CPU.Build.0 = Release|Any CPU
		{58BBA388-7451-4CB2-92EB-75FB08830AFD}.Debug|Any CPU.ActiveCfg = Debug|Any CPU
		{58BBA388-7451-4CB2-92EB-75FB08830AFD}.Debug|Any CPU.Build.0 = Debug|Any CPU
		{58BBA388-7451-4CB2-92EB-75FB08830AFD}.Release|Any CPU.ActiveCfg = Release|Any CPU
		{58BBA388-7451-4CB2-92EB-75FB08830AFD}.Release|Any CPU.Build.0 = Release|Any CPU
		{3E7F5C1A-259E-4A18-9D75-A07ECFB9902A}.Debug|Any CPU.ActiveCfg = Debug|Any CPU
		{3E7F5C1A-259E-4A18-9D75-A07ECFB9902A}.Debug|Any CPU.Build.0 = Debug|Any CPU
		{3E7F5C1A-259E-4A18-9D75-A07ECFB9902A}.Release|Any CPU.ActiveCfg = Release|Any CPU
		{3E7F5C1A-259E-4A18-9D75-A07ECFB9902A}.Release|Any CPU.Build.0 = Release|Any CPU
	EndGlobalSection
	GlobalSection(SolutionProperties) = preSolution
		HideSolutionNode = FALSE
	EndGlobalSection
	GlobalSection(NestedProjects) = preSolution
		{3D22EFB5-605D-43FC-85B6-115CAC55EBB0} = {B65861C8-40F2-490B-B5B1-F5E382E4C4BD}
		{6B7E6E0E-CB94-4416-803D-A2B72CB5B618} = {B65861C8-40F2-490B-B5B1-F5E382E4C4BD}
		{A639E18D-E892-4213-9738-3B39AAB7ECBD} = {B65861C8-40F2-490B-B5B1-F5E382E4C4BD}
		{DD342039-5134-4B8A-BC63-CE42392FE7BA} = {B65861C8-40F2-490B-B5B1-F5E382E4C4BD}
		{9E301B5E-27AB-4766-8194-587E66C828C8} = {B65861C8-40F2-490B-B5B1-F5E382E4C4BD}
		{EDE400C3-1A56-4ADE-A22B-8438E3F4153D} = {9E301B5E-27AB-4766-8194-587E66C828C8}
		{67AAFD65-BB85-48DB-ADE5-6782D1472A2E} = {9E301B5E-27AB-4766-8194-587E66C828C8}
		{C98D07C3-081F-48A5-BDF5-E245406D6C73} = {A639E18D-E892-4213-9738-3B39AAB7ECBD}
		{67F809A0-0132-463D-A964-6FB96E59D5E1} = {A639E18D-E892-4213-9738-3B39AAB7ECBD}
		{9341DA1A-1311-4517-B6FF-967885E5F509} = {3D22EFB5-605D-43FC-85B6-115CAC55EBB0}
		{D51BF0AC-6815-49DB-84E7-5A5D622DF53B} = {3D22EFB5-605D-43FC-85B6-115CAC55EBB0}
		{A2196D7E-F424-4999-9962-D5246E074DED} = {6B7E6E0E-CB94-4416-803D-A2B72CB5B618}
		{2439BD8A-9865-4DAE-A7F5-D859D4DE93B8} = {6B7E6E0E-CB94-4416-803D-A2B72CB5B618}
		{B636F0EE-9ADB-4A78-9562-40AB057CE927} = {DD342039-5134-4B8A-BC63-CE42392FE7BA}
		{D05AD0B7-5353-49D3-9351-9079657B20CF} = {30FDDBAD-F129-4F9B-944D-2934DE2B1E58}
		{ED39CBFB-F30C-4A05-AD8B-3A509966CDC8} = {DD342039-5134-4B8A-BC63-CE42392FE7BA}
		{EACB8289-1C49-4A6A-9394-F80623AC4006} = {DF8CD0B8-840E-490E-9A4B-D83F7727159D}
		{D5AFA16D-1897-4B46-8D8D-2C136DA0BC3E} = {B65861C8-40F2-490B-B5B1-F5E382E4C4BD}
		{2BDC7184-64D2-46E9-9649-4418B7CD583B} = {D5AFA16D-1897-4B46-8D8D-2C136DA0BC3E}
		{CB0BA29F-C916-479A-99C5-56D6B3FEF60F} = {D5AFA16D-1897-4B46-8D8D-2C136DA0BC3E}
		{D3D677D3-DE81-4D06-A04E-0DF8FE68710F} = {B65861C8-40F2-490B-B5B1-F5E382E4C4BD}
		{58BBA388-7451-4CB2-92EB-75FB08830AFD} = {D3D677D3-DE81-4D06-A04E-0DF8FE68710F}
		{3E7F5C1A-259E-4A18-9D75-A07ECFB9902A} = {D3D677D3-DE81-4D06-A04E-0DF8FE68710F}
	EndGlobalSection
	GlobalSection(ExtensibilityGlobals) = postSolution
		SolutionGuid = {E02BF6DF-AE47-425E-A0E6-4B3FE6ACBCD3}
	EndGlobalSection
EndGlobal
